// !$*UTF8*$!
{
	archiveVersion = 1;
	classes = {
	};
	objectVersion = 51;
	objects = {

/* Begin PBXBuildFile section */
		480DBCC522E63042002FA006 /* RootView.swift in Sources */ = {isa = PBXBuildFile; fileRef = 480DBCC422E63042002FA006 /* RootView.swift */; };
		480DBCC922E64C6D002FA006 /* SortDescriptor.swift in Sources */ = {isa = PBXBuildFile; fileRef = 480DBCC822E64C6D002FA006 /* SortDescriptor.swift */; };
		480DBCCB22E6FACF002FA006 /* UserSubscriptionList.swift in Sources */ = {isa = PBXBuildFile; fileRef = 480DBCCA22E6FACF002FA006 /* UserSubscriptionList.swift */; };
		481F687222E247FB0057ADF1 /* AppDelegate.swift in Sources */ = {isa = PBXBuildFile; fileRef = 481F687122E247FB0057ADF1 /* AppDelegate.swift */; };
		481F687422E247FB0057ADF1 /* SceneDelegate.swift in Sources */ = {isa = PBXBuildFile; fileRef = 481F687322E247FB0057ADF1 /* SceneDelegate.swift */; };
		481F687622E247FB0057ADF1 /* ContentView.swift in Sources */ = {isa = PBXBuildFile; fileRef = 481F687522E247FB0057ADF1 /* ContentView.swift */; };
		481F687822E247FD0057ADF1 /* Assets.xcassets in Resources */ = {isa = PBXBuildFile; fileRef = 481F687722E247FD0057ADF1 /* Assets.xcassets */; };
		481F687B22E247FD0057ADF1 /* Preview Assets.xcassets in Resources */ = {isa = PBXBuildFile; fileRef = 481F687A22E247FD0057ADF1 /* Preview Assets.xcassets */; };
		481F687E22E247FD0057ADF1 /* LaunchScreen.storyboard in Resources */ = {isa = PBXBuildFile; fileRef = 481F687C22E247FD0057ADF1 /* LaunchScreen.storyboard */; };
		4826674A23259D5A0060AA98 /* LoadingStatusButton.swift in Sources */ = {isa = PBXBuildFile; fileRef = 4826674923259D5A0060AA98 /* LoadingStatusButton.swift */; };
		483AA10F22E84A5D0045ACBF /* SGTLRQueries.swift in Sources */ = {isa = PBXBuildFile; fileRef = 483AA10E22E84A5D0045ACBF /* SGTLRQueries.swift */; };
		4846F07022E24A5300174603 /* SecretsStore.swift in Sources */ = {isa = PBXBuildFile; fileRef = 4846F06F22E24A5300174603 /* SecretsStore.swift */; };
		4846F07322E24A5C00174603 /* api_keys.plist in Resources */ = {isa = PBXBuildFile; fileRef = 4846F07122E24A5C00174603 /* api_keys.plist */; };
		4846F07422E24A5C00174603 /* api_keys_sample.plist in Resources */ = {isa = PBXBuildFile; fileRef = 4846F07222E24A5C00174603 /* api_keys_sample.plist */; };
		4846F07F22E24A8600174603 /* Thumbnail.swift in Sources */ = {isa = PBXBuildFile; fileRef = 4846F07622E24A8600174603 /* Thumbnail.swift */; };
		4846F08022E24A8600174603 /* Video.swift in Sources */ = {isa = PBXBuildFile; fileRef = 4846F07722E24A8600174603 /* Video.swift */; };
		4846F08122E24A8600174603 /* Subscription.swift in Sources */ = {isa = PBXBuildFile; fileRef = 4846F07822E24A8600174603 /* Subscription.swift */; };
		4846F08322E24A8600174603 /* Playlist.swift in Sources */ = {isa = PBXBuildFile; fileRef = 4846F07A22E24A8600174603 /* Playlist.swift */; };
		4846F08422E24A8600174603 /* LiveBroadcastInformation.swift in Sources */ = {isa = PBXBuildFile; fileRef = 4846F07B22E24A8600174603 /* LiveBroadcastInformation.swift */; };
		4846F08522E24A8600174603 /* Channel.swift in Sources */ = {isa = PBXBuildFile; fileRef = 4846F07C22E24A8600174603 /* Channel.swift */; };
		4846F08622E24A8600174603 /* MediaFormat.swift in Sources */ = {isa = PBXBuildFile; fileRef = 4846F07D22E24A8600174603 /* MediaFormat.swift */; };
		4846F08F22E24A9900174603 /* Thumbnail+GTLRYouTube_ThumbnailDetails.swift in Sources */ = {isa = PBXBuildFile; fileRef = 4846F08922E24A9900174603 /* Thumbnail+GTLRYouTube_ThumbnailDetails.swift */; };
		4846F09022E24A9900174603 /* Video+GTLRYouTube_Video.swift in Sources */ = {isa = PBXBuildFile; fileRef = 4846F08A22E24A9900174603 /* Video+GTLRYouTube_Video.swift */; };
		4846F09122E24A9900174603 /* GTLRObject+YouTubeObject.swift in Sources */ = {isa = PBXBuildFile; fileRef = 4846F08B22E24A9900174603 /* GTLRObject+YouTubeObject.swift */; };
		4846F09222E24A9900174603 /* Playlist+GTLRYouTube_Playlist.swift in Sources */ = {isa = PBXBuildFile; fileRef = 4846F08C22E24A9900174603 /* Playlist+GTLRYouTube_Playlist.swift */; };
		4846F09322E24A9900174603 /* Subscription+GTLRYouTube_Subscription.swift in Sources */ = {isa = PBXBuildFile; fileRef = 4846F08D22E24A9900174603 /* Subscription+GTLRYouTube_Subscription.swift */; };
		4846F09622E24AC900174603 /* DataController.swift in Sources */ = {isa = PBXBuildFile; fileRef = 4846F09522E24AC900174603 /* DataController.swift */; };
		4846F09822E24AD800174603 /* YTUserInteractionService.swift in Sources */ = {isa = PBXBuildFile; fileRef = 4846F09722E24AD800174603 /* YTUserInteractionService.swift */; };
		4846F09A22E24B1700174603 /* AuthenticationController.swift in Sources */ = {isa = PBXBuildFile; fileRef = 4846F09922E24B1600174603 /* AuthenticationController.swift */; };
		4846F09C22E2502C00174603 /* PersistentService.swift in Sources */ = {isa = PBXBuildFile; fileRef = 4846F09B22E2502C00174603 /* PersistentService.swift */; };
		4846F0A122E39AC300174603 /* SignInView.swift in Sources */ = {isa = PBXBuildFile; fileRef = 4846F0A022E39AC300174603 /* SignInView.swift */; };
		4846F0A522E3AF8400174603 /* SignInVC.swift in Sources */ = {isa = PBXBuildFile; fileRef = 4846F0A422E3AF8400174603 /* SignInVC.swift */; };
		4846F0A722E3B42B00174603 /* ProfileView.swift in Sources */ = {isa = PBXBuildFile; fileRef = 4846F0A622E3B42B00174603 /* ProfileView.swift */; };
		48544D1022EAE9FE0047A185 /* BannerView.swift in Sources */ = {isa = PBXBuildFile; fileRef = 48544D0F22EAE9FE0047A185 /* BannerView.swift */; };
		48578FFF2388AAAB00B108D6 /* Flexible.swift in Sources */ = {isa = PBXBuildFile; fileRef = 48578FFE2388AAAB00B108D6 /* Flexible.swift */; };
		4857C3BE22E62AB400627A21 /* SubscriptionsOverview.swift in Sources */ = {isa = PBXBuildFile; fileRef = 4857C3BD22E62AB400627A21 /* SubscriptionsOverview.swift */; };
		48580DF822F8BEB20077592E /* Spinner.swift in Sources */ = {isa = PBXBuildFile; fileRef = 48580DF722F8BEB20077592E /* Spinner.swift */; };
		485962BC232D1793008C9727 /* FloatingThumbnailedView.swift in Sources */ = {isa = PBXBuildFile; fileRef = 485962BB232D1793008C9727 /* FloatingThumbnailedView.swift */; };
		485962BE232D6570008C9727 /* ThumbnailView.swift in Sources */ = {isa = PBXBuildFile; fileRef = 485962BD232D6570008C9727 /* ThumbnailView.swift */; };
		4872786322E75ECC00C3BE1B /* BasePublisher.swift in Sources */ = {isa = PBXBuildFile; fileRef = 4872786222E75ECC00C3BE1B /* BasePublisher.swift */; };
		4872786722E76FA800C3BE1B /* Errors.swift in Sources */ = {isa = PBXBuildFile; fileRef = 4872786622E76FA800C3BE1B /* Errors.swift */; };
		4872786922E7B3CA00C3BE1B /* ChannelView.swift in Sources */ = {isa = PBXBuildFile; fileRef = 4872786822E7B3CA00C3BE1B /* ChannelView.swift */; };
		487C3BE922E249C700C68C9A /* ISO8601DateFormatter+TimeInterval.swift in Sources */ = {isa = PBXBuildFile; fileRef = 487C3BE822E249C700C68C9A /* ISO8601DateFormatter+TimeInterval.swift */; };
		487C3BEB22E249D500C68C9A /* Publisher+Extensions.swift in Sources */ = {isa = PBXBuildFile; fileRef = 487C3BEA22E249D500C68C9A /* Publisher+Extensions.swift */; };
		487C3BF222E249E100C68C9A /* GTLRServiceExecutionParameters+init.swift in Sources */ = {isa = PBXBuildFile; fileRef = 487C3BED22E249E100C68C9A /* GTLRServiceExecutionParameters+init.swift */; };
		487C3BF322E249E100C68C9A /* SGTLRQuery.swift in Sources */ = {isa = PBXBuildFile; fileRef = 487C3BEE22E249E100C68C9A /* SGTLRQuery.swift */; };
		487C3BF422E249E100C68C9A /* GTLRYouTubeService+shared.swift in Sources */ = {isa = PBXBuildFile; fileRef = 487C3BEF22E249E100C68C9A /* GTLRYouTubeService+shared.swift */; };
		487C3BF522E249E100C68C9A /* GTLRObject+Iterator.swift in Sources */ = {isa = PBXBuildFile; fileRef = 487C3BF022E249E100C68C9A /* GTLRObject+Iterator.swift */; };
		487C3BF622E249E100C68C9A /* GTLRService+Publisher.swift in Sources */ = {isa = PBXBuildFile; fileRef = 487C3BF122E249E100C68C9A /* GTLRService+Publisher.swift */; };
		487FB9BF22F76A2A00B3E897 /* Image.swift in Sources */ = {isa = PBXBuildFile; fileRef = 487FB9BE22F76A2A00B3E897 /* Image.swift */; };
		487FB9C122F76DA500B3E897 /* Image+GTLRYouTube_ImageSettings.swift in Sources */ = {isa = PBXBuildFile; fileRef = 487FB9C022F76DA500B3E897 /* Image+GTLRYouTube_ImageSettings.swift */; };
		487FB9C322F76F7800B3E897 /* Image+Device.swift in Sources */ = {isa = PBXBuildFile; fileRef = 487FB9C222F76F7800B3E897 /* Image+Device.swift */; };
		487FB9C522F7761900B3E897 /* LoadingImage.swift in Sources */ = {isa = PBXBuildFile; fileRef = 487FB9C422F7761900B3E897 /* LoadingImage.swift */; };
		48909A2B235B232A00637865 /* VideoPlayerView.swift in Sources */ = {isa = PBXBuildFile; fileRef = 48909A2A235B232A00637865 /* VideoPlayerView.swift */; };
		48909A2D235E267A00637865 /* VideoStreamFetcher.swift in Sources */ = {isa = PBXBuildFile; fileRef = 48909A2C235E267A00637865 /* VideoStreamFetcher.swift */; };
		48909A3123607C9600637865 /* audio_formats.json in Resources */ = {isa = PBXBuildFile; fileRef = 48909A3023607C9600637865 /* audio_formats.json */; };
		48909A332361D91E00637865 /* HeteroGeneousCollectionCodable.swift in Sources */ = {isa = PBXBuildFile; fileRef = 48909A322361D91E00637865 /* HeteroGeneousCollectionCodable.swift */; };
		48909A352361E2A700637865 /* video_formats.json in Resources */ = {isa = PBXBuildFile; fileRef = 48909A342361E2A700637865 /* video_formats.json */; };
		48909A392361E5D600637865 /* Dictionary+init_key.swift in Sources */ = {isa = PBXBuildFile; fileRef = 48909A382361E5D600637865 /* Dictionary+init_key.swift */; };
		489B18DC2367815200664E21 /* AVPlayerObserver.swift in Sources */ = {isa = PBXBuildFile; fileRef = 489B18DB2367815200664E21 /* AVPlayerObserver.swift */; };
		489DA8AB2375B02F0027461C /* PlaybackQueueController.swift in Sources */ = {isa = PBXBuildFile; fileRef = 489DA8AA2375B02F0027461C /* PlaybackQueueController.swift */; };
		489DA8B1237744340027461C /* AVPlayerView.swift in Sources */ = {isa = PBXBuildFile; fileRef = 489DA8B0237744340027461C /* AVPlayerView.swift */; };
		489EF2F023888114000A3DE1 /* ThumbnailListLayout.swift in Sources */ = {isa = PBXBuildFile; fileRef = 489EF2EF23888114000A3DE1 /* ThumbnailListLayout.swift */; };
		48AD5ED122F5C7E9004134E5 /* Optional+Comparable.swift in Sources */ = {isa = PBXBuildFile; fileRef = 48AD5ED022F5C7E9004134E5 /* Optional+Comparable.swift */; };
		48AD5ED422F5CE8C004134E5 /* Base.swift in Sources */ = {isa = PBXBuildFile; fileRef = 48AD5ED322F5CE8C004134E5 /* Base.swift */; };
		48AD5EDA22F71483004134E5 /* GTLRLoader.swift in Sources */ = {isa = PBXBuildFile; fileRef = 48AD5ED922F71483004134E5 /* GTLRLoader.swift */; };
		48AD5EDC22F7340E004134E5 /* Channel+GTLRYouTube_Channel.swift in Sources */ = {isa = PBXBuildFile; fileRef = 48AD5EDB22F7340E004134E5 /* Channel+GTLRYouTube_Channel.swift */; };
		48AD5EDE22F742A5004134E5 /* Base+YTObjectable.swift in Sources */ = {isa = PBXBuildFile; fileRef = 48AD5EDD22F742A5004134E5 /* Base+YTObjectable.swift */; };
		48AFAE372381D553005D6CAE /* MyTubePlayerTests.swift in Sources */ = {isa = PBXBuildFile; fileRef = 48AFAE362381D553005D6CAE /* MyTubePlayerTests.swift */; };
		48AFAE402381D579005D6CAE /* PlaybackControllerTests.swift in Sources */ = {isa = PBXBuildFile; fileRef = 48AFAE3F2381D579005D6CAE /* PlaybackControllerTests.swift */; };
		48AFAE442381D9E5005D6CAE /* 1080p_sample_vid.mkv in Resources */ = {isa = PBXBuildFile; fileRef = 48AFAE432381D9E4005D6CAE /* 1080p_sample_vid.mkv */; };
		48AFAE4623834A54005D6CAE /* PlayerController.swift in Sources */ = {isa = PBXBuildFile; fileRef = 48AFAE4523834A54005D6CAE /* PlayerController.swift */; };
		48B8EDF222FA22BF002CCA80 /* PlaylistListView.swift in Sources */ = {isa = PBXBuildFile; fileRef = 48B8EDF122FA22BF002CCA80 /* PlaylistListView.swift */; };
		48D59B0022E88EAA00202940 /* ChannelNameView.swift in Sources */ = {isa = PBXBuildFile; fileRef = 48D59AFF22E88EAA00202940 /* ChannelNameView.swift */; };
		48D59B0222E88EDC00202940 /* SubscribeButton.swift in Sources */ = {isa = PBXBuildFile; fileRef = 48D59B0122E88EDC00202940 /* SubscribeButton.swift */; };
		48D59B0422E8912600202940 /* AvatarView.swift in Sources */ = {isa = PBXBuildFile; fileRef = 48D59B0322E8912600202940 /* AvatarView.swift */; };
		48DEE65222E8C7790047EF2F /* ValueLoadingContainerView.swift in Sources */ = {isa = PBXBuildFile; fileRef = 48DEE65122E8C7790047EF2F /* ValueLoadingContainerView.swift */; };
		48DEE65722E8E5FE0047EF2F /* Refresh.swift in Sources */ = {isa = PBXBuildFile; fileRef = 48DEE65622E8E5FE0047EF2F /* Refresh.swift */; };
		48FC6D2722F8D11600FBCD20 /* LoadingStatus.swift in Sources */ = {isa = PBXBuildFile; fileRef = 48FC6D2622F8D11600FBCD20 /* LoadingStatus.swift */; };
		5A00F1F94AEB511FFE50C5F8 /* Pods_MyTubePlayer.framework in Frameworks */ = {isa = PBXBuildFile; fileRef = ECF08BB96A470BD64192EA59 /* Pods_MyTubePlayer.framework */; };
/* End PBXBuildFile section */

/* Begin PBXContainerItemProxy section */
		48AFAE392381D553005D6CAE /* PBXContainerItemProxy */ = {
			isa = PBXContainerItemProxy;
			containerPortal = 481F686622E247FB0057ADF1 /* Project object */;
			proxyType = 1;
			remoteGlobalIDString = 481F686D22E247FB0057ADF1;
			remoteInfo = MyTubePlayer;
		};
/* End PBXContainerItemProxy section */

/* Begin PBXFileReference section */
		480DBCC422E63042002FA006 /* RootView.swift */ = {isa = PBXFileReference; lastKnownFileType = sourcecode.swift; path = RootView.swift; sourceTree = "<group>"; };
		480DBCC822E64C6D002FA006 /* SortDescriptor.swift */ = {isa = PBXFileReference; fileEncoding = 4; lastKnownFileType = sourcecode.swift; path = SortDescriptor.swift; sourceTree = "<group>"; };
		480DBCCA22E6FACF002FA006 /* UserSubscriptionList.swift */ = {isa = PBXFileReference; lastKnownFileType = sourcecode.swift; path = UserSubscriptionList.swift; sourceTree = "<group>"; };
		481F686E22E247FB0057ADF1 /* MyTubePlayer.app */ = {isa = PBXFileReference; explicitFileType = wrapper.application; includeInIndex = 0; path = MyTubePlayer.app; sourceTree = BUILT_PRODUCTS_DIR; };
		481F687122E247FB0057ADF1 /* AppDelegate.swift */ = {isa = PBXFileReference; lastKnownFileType = sourcecode.swift; path = AppDelegate.swift; sourceTree = "<group>"; };
		481F687322E247FB0057ADF1 /* SceneDelegate.swift */ = {isa = PBXFileReference; lastKnownFileType = sourcecode.swift; path = SceneDelegate.swift; sourceTree = "<group>"; };
		481F687522E247FB0057ADF1 /* ContentView.swift */ = {isa = PBXFileReference; lastKnownFileType = sourcecode.swift; path = ContentView.swift; sourceTree = "<group>"; };
		481F687722E247FD0057ADF1 /* Assets.xcassets */ = {isa = PBXFileReference; lastKnownFileType = folder.assetcatalog; path = Assets.xcassets; sourceTree = "<group>"; };
		481F687A22E247FD0057ADF1 /* Preview Assets.xcassets */ = {isa = PBXFileReference; lastKnownFileType = folder.assetcatalog; path = "Preview Assets.xcassets"; sourceTree = "<group>"; };
		481F687D22E247FD0057ADF1 /* Base */ = {isa = PBXFileReference; lastKnownFileType = file.storyboard; name = Base; path = Base.lproj/LaunchScreen.storyboard; sourceTree = "<group>"; };
		481F687F22E247FD0057ADF1 /* Info.plist */ = {isa = PBXFileReference; lastKnownFileType = text.plist.xml; path = Info.plist; sourceTree = "<group>"; };
		4826674923259D5A0060AA98 /* LoadingStatusButton.swift */ = {isa = PBXFileReference; lastKnownFileType = sourcecode.swift; path = LoadingStatusButton.swift; sourceTree = "<group>"; };
		483AA10E22E84A5D0045ACBF /* SGTLRQueries.swift */ = {isa = PBXFileReference; lastKnownFileType = sourcecode.swift; path = SGTLRQueries.swift; sourceTree = "<group>"; };
		4846F06F22E24A5300174603 /* SecretsStore.swift */ = {isa = PBXFileReference; fileEncoding = 4; lastKnownFileType = sourcecode.swift; path = SecretsStore.swift; sourceTree = "<group>"; };
		4846F07122E24A5C00174603 /* api_keys.plist */ = {isa = PBXFileReference; fileEncoding = 4; lastKnownFileType = text.plist.xml; path = api_keys.plist; sourceTree = "<group>"; };
		4846F07222E24A5C00174603 /* api_keys_sample.plist */ = {isa = PBXFileReference; fileEncoding = 4; lastKnownFileType = text.plist.xml; path = api_keys_sample.plist; sourceTree = "<group>"; };
		4846F07622E24A8600174603 /* Thumbnail.swift */ = {isa = PBXFileReference; fileEncoding = 4; lastKnownFileType = sourcecode.swift; path = Thumbnail.swift; sourceTree = "<group>"; };
		4846F07722E24A8600174603 /* Video.swift */ = {isa = PBXFileReference; fileEncoding = 4; lastKnownFileType = sourcecode.swift; path = Video.swift; sourceTree = "<group>"; };
		4846F07822E24A8600174603 /* Subscription.swift */ = {isa = PBXFileReference; fileEncoding = 4; lastKnownFileType = sourcecode.swift; path = Subscription.swift; sourceTree = "<group>"; };
		4846F07A22E24A8600174603 /* Playlist.swift */ = {isa = PBXFileReference; fileEncoding = 4; lastKnownFileType = sourcecode.swift; path = Playlist.swift; sourceTree = "<group>"; };
		4846F07B22E24A8600174603 /* LiveBroadcastInformation.swift */ = {isa = PBXFileReference; fileEncoding = 4; lastKnownFileType = sourcecode.swift; path = LiveBroadcastInformation.swift; sourceTree = "<group>"; };
		4846F07C22E24A8600174603 /* Channel.swift */ = {isa = PBXFileReference; fileEncoding = 4; lastKnownFileType = sourcecode.swift; path = Channel.swift; sourceTree = "<group>"; };
		4846F07D22E24A8600174603 /* MediaFormat.swift */ = {isa = PBXFileReference; fileEncoding = 4; lastKnownFileType = sourcecode.swift; path = MediaFormat.swift; sourceTree = "<group>"; };
		4846F08922E24A9900174603 /* Thumbnail+GTLRYouTube_ThumbnailDetails.swift */ = {isa = PBXFileReference; fileEncoding = 4; lastKnownFileType = sourcecode.swift; path = "Thumbnail+GTLRYouTube_ThumbnailDetails.swift"; sourceTree = "<group>"; };
		4846F08A22E24A9900174603 /* Video+GTLRYouTube_Video.swift */ = {isa = PBXFileReference; fileEncoding = 4; lastKnownFileType = sourcecode.swift; path = "Video+GTLRYouTube_Video.swift"; sourceTree = "<group>"; };
		4846F08B22E24A9900174603 /* GTLRObject+YouTubeObject.swift */ = {isa = PBXFileReference; fileEncoding = 4; lastKnownFileType = sourcecode.swift; path = "GTLRObject+YouTubeObject.swift"; sourceTree = "<group>"; };
		4846F08C22E24A9900174603 /* Playlist+GTLRYouTube_Playlist.swift */ = {isa = PBXFileReference; fileEncoding = 4; lastKnownFileType = sourcecode.swift; path = "Playlist+GTLRYouTube_Playlist.swift"; sourceTree = "<group>"; };
		4846F08D22E24A9900174603 /* Subscription+GTLRYouTube_Subscription.swift */ = {isa = PBXFileReference; fileEncoding = 4; lastKnownFileType = sourcecode.swift; path = "Subscription+GTLRYouTube_Subscription.swift"; sourceTree = "<group>"; };
		4846F09522E24AC900174603 /* DataController.swift */ = {isa = PBXFileReference; fileEncoding = 4; lastKnownFileType = sourcecode.swift; path = DataController.swift; sourceTree = "<group>"; };
		4846F09722E24AD800174603 /* YTUserInteractionService.swift */ = {isa = PBXFileReference; fileEncoding = 4; lastKnownFileType = sourcecode.swift; path = YTUserInteractionService.swift; sourceTree = "<group>"; };
		4846F09922E24B1600174603 /* AuthenticationController.swift */ = {isa = PBXFileReference; fileEncoding = 4; lastKnownFileType = sourcecode.swift; path = AuthenticationController.swift; sourceTree = "<group>"; };
		4846F09B22E2502C00174603 /* PersistentService.swift */ = {isa = PBXFileReference; lastKnownFileType = sourcecode.swift; path = PersistentService.swift; sourceTree = "<group>"; };
		4846F0A022E39AC300174603 /* SignInView.swift */ = {isa = PBXFileReference; lastKnownFileType = sourcecode.swift; path = SignInView.swift; sourceTree = "<group>"; };
		4846F0A422E3AF8400174603 /* SignInVC.swift */ = {isa = PBXFileReference; lastKnownFileType = sourcecode.swift; path = SignInVC.swift; sourceTree = "<group>"; };
		4846F0A622E3B42B00174603 /* ProfileView.swift */ = {isa = PBXFileReference; lastKnownFileType = sourcecode.swift; path = ProfileView.swift; sourceTree = "<group>"; };
		48544D0F22EAE9FE0047A185 /* BannerView.swift */ = {isa = PBXFileReference; lastKnownFileType = sourcecode.swift; path = BannerView.swift; sourceTree = "<group>"; };
		48578FFE2388AAAB00B108D6 /* Flexible.swift */ = {isa = PBXFileReference; lastKnownFileType = sourcecode.swift; path = Flexible.swift; sourceTree = "<group>"; };
		4857C3BD22E62AB400627A21 /* SubscriptionsOverview.swift */ = {isa = PBXFileReference; lastKnownFileType = sourcecode.swift; path = SubscriptionsOverview.swift; sourceTree = "<group>"; };
		48580DF722F8BEB20077592E /* Spinner.swift */ = {isa = PBXFileReference; lastKnownFileType = sourcecode.swift; path = Spinner.swift; sourceTree = "<group>"; };
		485962BB232D1793008C9727 /* FloatingThumbnailedView.swift */ = {isa = PBXFileReference; lastKnownFileType = sourcecode.swift; path = FloatingThumbnailedView.swift; sourceTree = "<group>"; };
		485962BD232D6570008C9727 /* ThumbnailView.swift */ = {isa = PBXFileReference; lastKnownFileType = sourcecode.swift; path = ThumbnailView.swift; sourceTree = "<group>"; };
		4872786222E75ECC00C3BE1B /* BasePublisher.swift */ = {isa = PBXFileReference; lastKnownFileType = sourcecode.swift; path = BasePublisher.swift; sourceTree = "<group>"; };
		4872786622E76FA800C3BE1B /* Errors.swift */ = {isa = PBXFileReference; lastKnownFileType = sourcecode.swift; path = Errors.swift; sourceTree = "<group>"; };
		4872786822E7B3CA00C3BE1B /* ChannelView.swift */ = {isa = PBXFileReference; lastKnownFileType = sourcecode.swift; path = ChannelView.swift; sourceTree = "<group>"; };
		487C3BE822E249C700C68C9A /* ISO8601DateFormatter+TimeInterval.swift */ = {isa = PBXFileReference; fileEncoding = 4; lastKnownFileType = sourcecode.swift; path = "ISO8601DateFormatter+TimeInterval.swift"; sourceTree = "<group>"; };
		487C3BEA22E249D500C68C9A /* Publisher+Extensions.swift */ = {isa = PBXFileReference; fileEncoding = 4; lastKnownFileType = sourcecode.swift; path = "Publisher+Extensions.swift"; sourceTree = "<group>"; };
		487C3BED22E249E100C68C9A /* GTLRServiceExecutionParameters+init.swift */ = {isa = PBXFileReference; fileEncoding = 4; lastKnownFileType = sourcecode.swift; path = "GTLRServiceExecutionParameters+init.swift"; sourceTree = "<group>"; };
		487C3BEE22E249E100C68C9A /* SGTLRQuery.swift */ = {isa = PBXFileReference; fileEncoding = 4; lastKnownFileType = sourcecode.swift; path = SGTLRQuery.swift; sourceTree = "<group>"; };
		487C3BEF22E249E100C68C9A /* GTLRYouTubeService+shared.swift */ = {isa = PBXFileReference; fileEncoding = 4; lastKnownFileType = sourcecode.swift; path = "GTLRYouTubeService+shared.swift"; sourceTree = "<group>"; };
		487C3BF022E249E100C68C9A /* GTLRObject+Iterator.swift */ = {isa = PBXFileReference; fileEncoding = 4; lastKnownFileType = sourcecode.swift; path = "GTLRObject+Iterator.swift"; sourceTree = "<group>"; };
		487C3BF122E249E100C68C9A /* GTLRService+Publisher.swift */ = {isa = PBXFileReference; fileEncoding = 4; lastKnownFileType = sourcecode.swift; path = "GTLRService+Publisher.swift"; sourceTree = "<group>"; };
		487FB9BE22F76A2A00B3E897 /* Image.swift */ = {isa = PBXFileReference; lastKnownFileType = sourcecode.swift; path = Image.swift; sourceTree = "<group>"; };
		487FB9C022F76DA500B3E897 /* Image+GTLRYouTube_ImageSettings.swift */ = {isa = PBXFileReference; lastKnownFileType = sourcecode.swift; path = "Image+GTLRYouTube_ImageSettings.swift"; sourceTree = "<group>"; };
		487FB9C222F76F7800B3E897 /* Image+Device.swift */ = {isa = PBXFileReference; lastKnownFileType = sourcecode.swift; path = "Image+Device.swift"; sourceTree = "<group>"; };
		487FB9C422F7761900B3E897 /* LoadingImage.swift */ = {isa = PBXFileReference; lastKnownFileType = sourcecode.swift; path = LoadingImage.swift; sourceTree = "<group>"; };
		48909A2A235B232A00637865 /* VideoPlayerView.swift */ = {isa = PBXFileReference; lastKnownFileType = sourcecode.swift; path = VideoPlayerView.swift; sourceTree = "<group>"; };
		48909A2C235E267A00637865 /* VideoStreamFetcher.swift */ = {isa = PBXFileReference; lastKnownFileType = sourcecode.swift; path = VideoStreamFetcher.swift; sourceTree = "<group>"; };
		48909A3023607C9600637865 /* audio_formats.json */ = {isa = PBXFileReference; lastKnownFileType = text.json; path = audio_formats.json; sourceTree = "<group>"; };
		48909A322361D91E00637865 /* HeteroGeneousCollectionCodable.swift */ = {isa = PBXFileReference; lastKnownFileType = sourcecode.swift; path = HeteroGeneousCollectionCodable.swift; sourceTree = "<group>"; };
		48909A342361E2A700637865 /* video_formats.json */ = {isa = PBXFileReference; lastKnownFileType = text.json; path = video_formats.json; sourceTree = "<group>"; };
		48909A382361E5D600637865 /* Dictionary+init_key.swift */ = {isa = PBXFileReference; lastKnownFileType = sourcecode.swift; path = "Dictionary+init_key.swift"; sourceTree = "<group>"; };
		489B18DB2367815200664E21 /* AVPlayerObserver.swift */ = {isa = PBXFileReference; lastKnownFileType = sourcecode.swift; path = AVPlayerObserver.swift; sourceTree = "<group>"; };
		489DA8AA2375B02F0027461C /* PlaybackQueueController.swift */ = {isa = PBXFileReference; lastKnownFileType = sourcecode.swift; path = PlaybackQueueController.swift; sourceTree = "<group>"; };
		489DA8B0237744340027461C /* AVPlayerView.swift */ = {isa = PBXFileReference; lastKnownFileType = sourcecode.swift; path = AVPlayerView.swift; sourceTree = "<group>"; };
		489EF2EF23888114000A3DE1 /* ThumbnailListLayout.swift */ = {isa = PBXFileReference; lastKnownFileType = sourcecode.swift; path = ThumbnailListLayout.swift; sourceTree = "<group>"; };
		48AD5ED022F5C7E9004134E5 /* Optional+Comparable.swift */ = {isa = PBXFileReference; lastKnownFileType = sourcecode.swift; path = "Optional+Comparable.swift"; sourceTree = "<group>"; };
		48AD5ED322F5CE8C004134E5 /* Base.swift */ = {isa = PBXFileReference; lastKnownFileType = sourcecode.swift; path = Base.swift; sourceTree = "<group>"; };
		48AD5ED922F71483004134E5 /* GTLRLoader.swift */ = {isa = PBXFileReference; lastKnownFileType = sourcecode.swift; path = GTLRLoader.swift; sourceTree = "<group>"; };
		48AD5EDB22F7340E004134E5 /* Channel+GTLRYouTube_Channel.swift */ = {isa = PBXFileReference; fileEncoding = 4; lastKnownFileType = sourcecode.swift; path = "Channel+GTLRYouTube_Channel.swift"; sourceTree = "<group>"; };
		48AD5EDD22F742A5004134E5 /* Base+YTObjectable.swift */ = {isa = PBXFileReference; lastKnownFileType = sourcecode.swift; path = "Base+YTObjectable.swift"; sourceTree = "<group>"; };
		48AFAE342381D553005D6CAE /* MyTubePlayerTests.xctest */ = {isa = PBXFileReference; explicitFileType = wrapper.cfbundle; includeInIndex = 0; path = MyTubePlayerTests.xctest; sourceTree = BUILT_PRODUCTS_DIR; };
		48AFAE362381D553005D6CAE /* MyTubePlayerTests.swift */ = {isa = PBXFileReference; lastKnownFileType = sourcecode.swift; path = MyTubePlayerTests.swift; sourceTree = "<group>"; };
		48AFAE382381D553005D6CAE /* Info.plist */ = {isa = PBXFileReference; lastKnownFileType = text.plist.xml; path = Info.plist; sourceTree = "<group>"; };
		48AFAE3F2381D579005D6CAE /* PlaybackControllerTests.swift */ = {isa = PBXFileReference; lastKnownFileType = sourcecode.swift; path = PlaybackControllerTests.swift; sourceTree = "<group>"; };
		48AFAE432381D9E4005D6CAE /* 1080p_sample_vid.mkv */ = {isa = PBXFileReference; lastKnownFileType = file; path = 1080p_sample_vid.mkv; sourceTree = "<group>"; };
		48AFAE4523834A54005D6CAE /* PlayerController.swift */ = {isa = PBXFileReference; lastKnownFileType = sourcecode.swift; path = PlayerController.swift; sourceTree = "<group>"; };
		48AFAE4923842742005D6CAE /* CompactPlayablesList.swift */ = {isa = PBXFileReference; lastKnownFileType = sourcecode.swift; name = CompactPlayablesList.swift; path = /Users/larsstegman/Developer/MyTubePlayer/MyTubePlayer/View/CompactPlayablesList.swift; sourceTree = "<absolute>"; };
		48B8EDF122FA22BF002CCA80 /* PlaylistListView.swift */ = {isa = PBXFileReference; lastKnownFileType = sourcecode.swift; path = PlaylistListView.swift; sourceTree = "<group>"; };
		48D59AFF22E88EAA00202940 /* ChannelNameView.swift */ = {isa = PBXFileReference; lastKnownFileType = sourcecode.swift; path = ChannelNameView.swift; sourceTree = "<group>"; };
		48D59B0122E88EDC00202940 /* SubscribeButton.swift */ = {isa = PBXFileReference; lastKnownFileType = sourcecode.swift; path = SubscribeButton.swift; sourceTree = "<group>"; };
		48D59B0322E8912600202940 /* AvatarView.swift */ = {isa = PBXFileReference; lastKnownFileType = sourcecode.swift; path = AvatarView.swift; sourceTree = "<group>"; };
		48DEE65122E8C7790047EF2F /* ValueLoadingContainerView.swift */ = {isa = PBXFileReference; lastKnownFileType = sourcecode.swift; path = ValueLoadingContainerView.swift; sourceTree = "<group>"; };
		48DEE65622E8E5FE0047EF2F /* Refresh.swift */ = {isa = PBXFileReference; lastKnownFileType = sourcecode.swift; path = Refresh.swift; sourceTree = "<group>"; };
		48FC6D2622F8D11600FBCD20 /* LoadingStatus.swift */ = {isa = PBXFileReference; lastKnownFileType = sourcecode.swift; path = LoadingStatus.swift; sourceTree = "<group>"; };
		56A6A866D1D2175E5E232447 /* Pods-MyTubePlayer.release.xcconfig */ = {isa = PBXFileReference; includeInIndex = 1; lastKnownFileType = text.xcconfig; name = "Pods-MyTubePlayer.release.xcconfig"; path = "Target Support Files/Pods-MyTubePlayer/Pods-MyTubePlayer.release.xcconfig"; sourceTree = "<group>"; };
		9435985A90CD9F89004DFA7C /* Pods-MyTubePlayer.debug.xcconfig */ = {isa = PBXFileReference; includeInIndex = 1; lastKnownFileType = text.xcconfig; name = "Pods-MyTubePlayer.debug.xcconfig"; path = "Target Support Files/Pods-MyTubePlayer/Pods-MyTubePlayer.debug.xcconfig"; sourceTree = "<group>"; };
		ECF08BB96A470BD64192EA59 /* Pods_MyTubePlayer.framework */ = {isa = PBXFileReference; explicitFileType = wrapper.framework; includeInIndex = 0; path = Pods_MyTubePlayer.framework; sourceTree = BUILT_PRODUCTS_DIR; };
/* End PBXFileReference section */

/* Begin PBXFrameworksBuildPhase section */
		481F686B22E247FB0057ADF1 /* Frameworks */ = {
			isa = PBXFrameworksBuildPhase;
			buildActionMask = 2147483647;
			files = (
				5A00F1F94AEB511FFE50C5F8 /* Pods_MyTubePlayer.framework in Frameworks */,
			);
			runOnlyForDeploymentPostprocessing = 0;
		};
		48AFAE312381D553005D6CAE /* Frameworks */ = {
			isa = PBXFrameworksBuildPhase;
			buildActionMask = 2147483647;
			files = (
			);
			runOnlyForDeploymentPostprocessing = 0;
		};
/* End PBXFrameworksBuildPhase section */

/* Begin PBXGroup section */
		480DBCCC22E70214002FA006 /* UserInteraction */ = {
			isa = PBXGroup;
			children = (
				4846F09722E24AD800174603 /* YTUserInteractionService.swift */,
				480DBCCA22E6FACF002FA006 /* UserSubscriptionList.swift */,
			);
			path = UserInteraction;
			sourceTree = "<group>";
		};
		481F686522E247FA0057ADF1 = {
			isa = PBXGroup;
			children = (
				481F687022E247FB0057ADF1 /* MyTubePlayer */,
				48AFAE352381D553005D6CAE /* MyTubePlayerTests */,
				481F686F22E247FB0057ADF1 /* Products */,
				D40BA311BDD0CD175366D3D0 /* Pods */,
				B6954BC4F7164BA924DD6700 /* Frameworks */,
			);
			sourceTree = "<group>";
		};
		481F686F22E247FB0057ADF1 /* Products */ = {
			isa = PBXGroup;
			children = (
				481F686E22E247FB0057ADF1 /* MyTubePlayer.app */,
				48AFAE342381D553005D6CAE /* MyTubePlayerTests.xctest */,
			);
			name = Products;
			sourceTree = "<group>";
		};
		481F687022E247FB0057ADF1 /* MyTubePlayer */ = {
			isa = PBXGroup;
			children = (
				4846F07222E24A5C00174603 /* api_keys_sample.plist */,
				4846F07122E24A5C00174603 /* api_keys.plist */,
				48909A3023607C9600637865 /* audio_formats.json */,
				48909A342361E2A700637865 /* video_formats.json */,
				481F687122E247FB0057ADF1 /* AppDelegate.swift */,
				481F687322E247FB0057ADF1 /* SceneDelegate.swift */,
				4872786622E76FA800C3BE1B /* Errors.swift */,
				4846F06E22E24A4600174603 /* Stores */,
				4846F07522E24A7500174603 /* Model */,
				4846F08822E24A8900174603 /* Model+GTLRObject */,
				487C3BE722E249A100C68C9A /* Utility */,
				4846F09F22E39AAA00174603 /* View */,
				481F687722E247FD0057ADF1 /* Assets.xcassets */,
				481F687C22E247FD0057ADF1 /* LaunchScreen.storyboard */,
				481F687F22E247FD0057ADF1 /* Info.plist */,
				481F687922E247FD0057ADF1 /* Preview Content */,
			);
			path = MyTubePlayer;
			sourceTree = "<group>";
		};
		481F687922E247FD0057ADF1 /* Preview Content */ = {
			isa = PBXGroup;
			children = (
				481F687A22E247FD0057ADF1 /* Preview Assets.xcassets */,
			);
			path = "Preview Content";
			sourceTree = "<group>";
		};
		4846F06E22E24A4600174603 /* Stores */ = {
			isa = PBXGroup;
			children = (
				480DBCCC22E70214002FA006 /* UserInteraction */,
				4846F09922E24B1600174603 /* AuthenticationController.swift */,
				4846F09522E24AC900174603 /* DataController.swift */,
				4846F06F22E24A5300174603 /* SecretsStore.swift */,
				4846F09B22E2502C00174603 /* PersistentService.swift */,
				483AA10E22E84A5D0045ACBF /* SGTLRQueries.swift */,
				48AD5ED922F71483004134E5 /* GTLRLoader.swift */,
				48FC6D2622F8D11600FBCD20 /* LoadingStatus.swift */,
				48909A2C235E267A00637865 /* VideoStreamFetcher.swift */,
			);
			path = Stores;
			sourceTree = "<group>";
		};
		4846F07522E24A7500174603 /* Model */ = {
			isa = PBXGroup;
			children = (
				48AD5ED322F5CE8C004134E5 /* Base.swift */,
				4846F07C22E24A8600174603 /* Channel.swift */,
				4846F07A22E24A8600174603 /* Playlist.swift */,
				4846F07822E24A8600174603 /* Subscription.swift */,
				4846F07722E24A8600174603 /* Video.swift */,
				48DEE65622E8E5FE0047EF2F /* Refresh.swift */,
				48AD5EE122F743E4004134E5 /* Properties */,
			);
			path = Model;
			sourceTree = "<group>";
		};
		4846F08822E24A8900174603 /* Model+GTLRObject */ = {
			isa = PBXGroup;
			children = (
				4846F08B22E24A9900174603 /* GTLRObject+YouTubeObject.swift */,
				48AD5EDD22F742A5004134E5 /* Base+YTObjectable.swift */,
				48AD5EDB22F7340E004134E5 /* Channel+GTLRYouTube_Channel.swift */,
				4846F08C22E24A9900174603 /* Playlist+GTLRYouTube_Playlist.swift */,
				4846F08D22E24A9900174603 /* Subscription+GTLRYouTube_Subscription.swift */,
				4846F08922E24A9900174603 /* Thumbnail+GTLRYouTube_ThumbnailDetails.swift */,
				4846F08A22E24A9900174603 /* Video+GTLRYouTube_Video.swift */,
				487FB9C022F76DA500B3E897 /* Image+GTLRYouTube_ImageSettings.swift */,
			);
			path = "Model+GTLRObject";
			sourceTree = "<group>";
		};
		4846F09F22E39AAA00174603 /* View */ = {
			isa = PBXGroup;
			children = (
				489EF2EE238880FD000A3DE1 /* Debug */,
				48B3A48922F50A3B002BE0DD /* Control */,
				48DEE65322E8D2F80047EF2F /* Supporting Views */,
				480DBCC422E63042002FA006 /* RootView.swift */,
				481F687522E247FB0057ADF1 /* ContentView.swift */,
				4846F0A022E39AC300174603 /* SignInView.swift */,
				4846F0A622E3B42B00174603 /* ProfileView.swift */,
				4857C3BD22E62AB400627A21 /* SubscriptionsOverview.swift */,
				4872786822E7B3CA00C3BE1B /* ChannelView.swift */,
				48D59AFF22E88EAA00202940 /* ChannelNameView.swift */,
				48D59B0322E8912600202940 /* AvatarView.swift */,
				48544D0F22EAE9FE0047A185 /* BannerView.swift */,
				48B8EDF122FA22BF002CCA80 /* PlaylistListView.swift */,
				485962BB232D1793008C9727 /* FloatingThumbnailedView.swift */,
				48909A2A235B232A00637865 /* VideoPlayerView.swift */,
				489DA8B0237744340027461C /* AVPlayerView.swift */,
				48AFAE4923842742005D6CAE /* CompactPlayablesList.swift */,
			);
			path = View;
			sourceTree = "<group>";
		};
		487C3BE722E249A100C68C9A /* Utility */ = {
			isa = PBXGroup;
			children = (
				489DA8AF237743F30027461C /* Playback */,
				487C3BEC22E249E100C68C9A /* SGTLR */,
				48C824A62302198B008D129F /* Combine+extension */,
				480DBCC822E64C6D002FA006 /* SortDescriptor.swift */,
				4846F0A422E3AF8400174603 /* SignInVC.swift */,
				487C3BE822E249C700C68C9A /* ISO8601DateFormatter+TimeInterval.swift */,
				48AD5ED022F5C7E9004134E5 /* Optional+Comparable.swift */,
				48909A322361D91E00637865 /* HeteroGeneousCollectionCodable.swift */,
				48909A382361E5D600637865 /* Dictionary+init_key.swift */,
				48578FFE2388AAAB00B108D6 /* Flexible.swift */,
			);
			path = Utility;
			sourceTree = "<group>";
		};
		487C3BEC22E249E100C68C9A /* SGTLR */ = {
			isa = PBXGroup;
			children = (
				487C3BED22E249E100C68C9A /* GTLRServiceExecutionParameters+init.swift */,
				487C3BEE22E249E100C68C9A /* SGTLRQuery.swift */,
				487C3BEF22E249E100C68C9A /* GTLRYouTubeService+shared.swift */,
				487C3BF022E249E100C68C9A /* GTLRObject+Iterator.swift */,
				487C3BF122E249E100C68C9A /* GTLRService+Publisher.swift */,
			);
			path = SGTLR;
			sourceTree = "<group>";
		};
		489DA8AF237743F30027461C /* Playback */ = {
			isa = PBXGroup;
			children = (
				489DA8AA2375B02F0027461C /* PlaybackQueueController.swift */,
				489B18DB2367815200664E21 /* AVPlayerObserver.swift */,
				48AFAE4523834A54005D6CAE /* PlayerController.swift */,
			);
			path = Playback;
			sourceTree = "<group>";
		};
		489EF2EE238880FD000A3DE1 /* Debug */ = {
			isa = PBXGroup;
			children = (
				489EF2EF23888114000A3DE1 /* ThumbnailListLayout.swift */,
			);
			path = Debug;
			sourceTree = "<group>";
		};
		48AD5EE122F743E4004134E5 /* Properties */ = {
			isa = PBXGroup;
			children = (
				4846F07B22E24A8600174603 /* LiveBroadcastInformation.swift */,
				4846F07622E24A8600174603 /* Thumbnail.swift */,
				4846F07D22E24A8600174603 /* MediaFormat.swift */,
				487FB9BE22F76A2A00B3E897 /* Image.swift */,
			);
			path = Properties;
			sourceTree = "<group>";
		};
		48AFAE352381D553005D6CAE /* MyTubePlayerTests */ = {
			isa = PBXGroup;
			children = (
				48AFAE432381D9E4005D6CAE /* 1080p_sample_vid.mkv */,
				48AFAE3E2381D568005D6CAE /* Playback */,
				48AFAE362381D553005D6CAE /* MyTubePlayerTests.swift */,
				48AFAE382381D553005D6CAE /* Info.plist */,
			);
			path = MyTubePlayerTests;
			sourceTree = "<group>";
		};
		48AFAE3E2381D568005D6CAE /* Playback */ = {
			isa = PBXGroup;
			children = (
				48AFAE3F2381D579005D6CAE /* PlaybackControllerTests.swift */,
			);
			path = Playback;
			sourceTree = "<group>";
		};
		48B3A48922F50A3B002BE0DD /* Control */ = {
			isa = PBXGroup;
			children = (
				48D59B0122E88EDC00202940 /* SubscribeButton.swift */,
				4826674923259D5A0060AA98 /* LoadingStatusButton.swift */,
			);
			path = Control;
			sourceTree = "<group>";
		};
		48C824A62302198B008D129F /* Combine+extension */ = {
			isa = PBXGroup;
			children = (
				487C3BEA22E249D500C68C9A /* Publisher+Extensions.swift */,
				4872786222E75ECC00C3BE1B /* BasePublisher.swift */,
			);
			path = "Combine+extension";
			sourceTree = "<group>";
		};
		48DEE65322E8D2F80047EF2F /* Supporting Views */ = {
			isa = PBXGroup;
			children = (
				485962BD232D6570008C9727 /* ThumbnailView.swift */,
				48DEE65122E8C7790047EF2F /* ValueLoadingContainerView.swift */,
				487FB9C222F76F7800B3E897 /* Image+Device.swift */,
				487FB9C422F7761900B3E897 /* LoadingImage.swift */,
				48580DF722F8BEB20077592E /* Spinner.swift */,
			);
			path = "Supporting Views";
			sourceTree = "<group>";
		};
		B6954BC4F7164BA924DD6700 /* Frameworks */ = {
			isa = PBXGroup;
			children = (
				ECF08BB96A470BD64192EA59 /* Pods_MyTubePlayer.framework */,
			);
			name = Frameworks;
			sourceTree = "<group>";
		};
		D40BA311BDD0CD175366D3D0 /* Pods */ = {
			isa = PBXGroup;
			children = (
				9435985A90CD9F89004DFA7C /* Pods-MyTubePlayer.debug.xcconfig */,
				56A6A866D1D2175E5E232447 /* Pods-MyTubePlayer.release.xcconfig */,
			);
			path = Pods;
			sourceTree = "<group>";
		};
/* End PBXGroup section */

/* Begin PBXNativeTarget section */
		481F686D22E247FB0057ADF1 /* MyTubePlayer */ = {
			isa = PBXNativeTarget;
			buildConfigurationList = 481F688222E247FD0057ADF1 /* Build configuration list for PBXNativeTarget "MyTubePlayer" */;
			buildPhases = (
				9439BB487F8B74AFD7125D5F /* [CP] Check Pods Manifest.lock */,
				481F686A22E247FB0057ADF1 /* Sources */,
				481F686B22E247FB0057ADF1 /* Frameworks */,
				481F686C22E247FB0057ADF1 /* Resources */,
				4EC878B0CE613EFF7B1EA02D /* [CP] Embed Pods Frameworks */,
				E75B142D0C29460B871B23FF /* [CP] Copy Pods Resources */,
			);
			buildRules = (
			);
			dependencies = (
			);
			name = MyTubePlayer;
			productName = MyTubePlayer;
			productReference = 481F686E22E247FB0057ADF1 /* MyTubePlayer.app */;
			productType = "com.apple.product-type.application";
		};
		48AFAE332381D553005D6CAE /* MyTubePlayerTests */ = {
			isa = PBXNativeTarget;
			buildConfigurationList = 48AFAE3D2381D553005D6CAE /* Build configuration list for PBXNativeTarget "MyTubePlayerTests" */;
			buildPhases = (
				48AFAE302381D553005D6CAE /* Sources */,
				48AFAE312381D553005D6CAE /* Frameworks */,
				48AFAE322381D553005D6CAE /* Resources */,
			);
			buildRules = (
			);
			dependencies = (
				48AFAE3A2381D553005D6CAE /* PBXTargetDependency */,
			);
			name = MyTubePlayerTests;
			productName = MyTubePlayerTests;
			productReference = 48AFAE342381D553005D6CAE /* MyTubePlayerTests.xctest */;
			productType = "com.apple.product-type.bundle.unit-test";
		};
/* End PBXNativeTarget section */

/* Begin PBXProject section */
		481F686622E247FB0057ADF1 /* Project object */ = {
			isa = PBXProject;
			attributes = {
				LastSwiftUpdateCheck = 1120;
				LastUpgradeCheck = 1100;
				ORGANIZATIONNAME = Stegman;
				TargetAttributes = {
					481F686D22E247FB0057ADF1 = {
						CreatedOnToolsVersion = 11.0;
					};
					48AFAE332381D553005D6CAE = {
						CreatedOnToolsVersion = 11.2.1;
						TestTargetID = 481F686D22E247FB0057ADF1;
					};
				};
			};
			buildConfigurationList = 481F686922E247FB0057ADF1 /* Build configuration list for PBXProject "MyTubePlayer" */;
			compatibilityVersion = "Xcode 9.3";
			developmentRegion = en;
			hasScannedForEncodings = 0;
			knownRegions = (
				en,
				Base,
			);
			mainGroup = 481F686522E247FA0057ADF1;
			productRefGroup = 481F686F22E247FB0057ADF1 /* Products */;
			projectDirPath = "";
			projectRoot = "";
			targets = (
				481F686D22E247FB0057ADF1 /* MyTubePlayer */,
				48AFAE332381D553005D6CAE /* MyTubePlayerTests */,
			);
		};
/* End PBXProject section */

/* Begin PBXResourcesBuildPhase section */
		481F686C22E247FB0057ADF1 /* Resources */ = {
			isa = PBXResourcesBuildPhase;
			buildActionMask = 2147483647;
			files = (
				481F687E22E247FD0057ADF1 /* LaunchScreen.storyboard in Resources */,
				4846F07322E24A5C00174603 /* api_keys.plist in Resources */,
				481F687B22E247FD0057ADF1 /* Preview Assets.xcassets in Resources */,
				481F687822E247FD0057ADF1 /* Assets.xcassets in Resources */,
				48909A3123607C9600637865 /* audio_formats.json in Resources */,
				48909A352361E2A700637865 /* video_formats.json in Resources */,
				4846F07422E24A5C00174603 /* api_keys_sample.plist in Resources */,
			);
			runOnlyForDeploymentPostprocessing = 0;
		};
		48AFAE322381D553005D6CAE /* Resources */ = {
			isa = PBXResourcesBuildPhase;
			buildActionMask = 2147483647;
			files = (
				48AFAE442381D9E5005D6CAE /* 1080p_sample_vid.mkv in Resources */,
			);
			runOnlyForDeploymentPostprocessing = 0;
		};
/* End PBXResourcesBuildPhase section */

/* Begin PBXShellScriptBuildPhase section */
		4EC878B0CE613EFF7B1EA02D /* [CP] Embed Pods Frameworks */ = {
			isa = PBXShellScriptBuildPhase;
			buildActionMask = 2147483647;
			files = (
			);
			inputFileListPaths = (
				"${PODS_ROOT}/Target Support Files/Pods-MyTubePlayer/Pods-MyTubePlayer-frameworks-${CONFIGURATION}-input-files.xcfilelist",
			);
			name = "[CP] Embed Pods Frameworks";
			outputFileListPaths = (
				"${PODS_ROOT}/Target Support Files/Pods-MyTubePlayer/Pods-MyTubePlayer-frameworks-${CONFIGURATION}-output-files.xcfilelist",
			);
			runOnlyForDeploymentPostprocessing = 0;
			shellPath = /bin/sh;
			shellScript = "\"${PODS_ROOT}/Target Support Files/Pods-MyTubePlayer/Pods-MyTubePlayer-frameworks.sh\"\n";
			showEnvVarsInLog = 0;
		};
		9439BB487F8B74AFD7125D5F /* [CP] Check Pods Manifest.lock */ = {
			isa = PBXShellScriptBuildPhase;
			buildActionMask = 2147483647;
			files = (
			);
			inputFileListPaths = (
			);
			inputPaths = (
				"${PODS_PODFILE_DIR_PATH}/Podfile.lock",
				"${PODS_ROOT}/Manifest.lock",
			);
			name = "[CP] Check Pods Manifest.lock";
			outputFileListPaths = (
			);
			outputPaths = (
				"$(DERIVED_FILE_DIR)/Pods-MyTubePlayer-checkManifestLockResult.txt",
			);
			runOnlyForDeploymentPostprocessing = 0;
			shellPath = /bin/sh;
			shellScript = "diff \"${PODS_PODFILE_DIR_PATH}/Podfile.lock\" \"${PODS_ROOT}/Manifest.lock\" > /dev/null\nif [ $? != 0 ] ; then\n    # print error to STDERR\n    echo \"error: The sandbox is not in sync with the Podfile.lock. Run 'pod install' or update your CocoaPods installation.\" >&2\n    exit 1\nfi\n# This output is used by Xcode 'outputs' to avoid re-running this script phase.\necho \"SUCCESS\" > \"${SCRIPT_OUTPUT_FILE_0}\"\n";
			showEnvVarsInLog = 0;
		};
		E75B142D0C29460B871B23FF /* [CP] Copy Pods Resources */ = {
			isa = PBXShellScriptBuildPhase;
			buildActionMask = 2147483647;
			files = (
			);
			inputFileListPaths = (
				"${PODS_ROOT}/Target Support Files/Pods-MyTubePlayer/Pods-MyTubePlayer-resources-${CONFIGURATION}-input-files.xcfilelist",
			);
			name = "[CP] Copy Pods Resources";
			outputFileListPaths = (
				"${PODS_ROOT}/Target Support Files/Pods-MyTubePlayer/Pods-MyTubePlayer-resources-${CONFIGURATION}-output-files.xcfilelist",
			);
			runOnlyForDeploymentPostprocessing = 0;
			shellPath = /bin/sh;
			shellScript = "\"${PODS_ROOT}/Target Support Files/Pods-MyTubePlayer/Pods-MyTubePlayer-resources.sh\"\n";
			showEnvVarsInLog = 0;
		};
/* End PBXShellScriptBuildPhase section */

/* Begin PBXSourcesBuildPhase section */
		481F686A22E247FB0057ADF1 /* Sources */ = {
			isa = PBXSourcesBuildPhase;
			buildActionMask = 2147483647;
			files = (
				4857C3BE22E62AB400627A21 /* SubscriptionsOverview.swift in Sources */,
				4826674A23259D5A0060AA98 /* LoadingStatusButton.swift in Sources */,
				48580DF822F8BEB20077592E /* Spinner.swift in Sources */,
				480DBCCB22E6FACF002FA006 /* UserSubscriptionList.swift in Sources */,
				487FB9C522F7761900B3E897 /* LoadingImage.swift in Sources */,
				481F687222E247FB0057ADF1 /* AppDelegate.swift in Sources */,
				487C3BE922E249C700C68C9A /* ISO8601DateFormatter+TimeInterval.swift in Sources */,
				48AD5EDA22F71483004134E5 /* GTLRLoader.swift in Sources */,
				4846F09822E24AD800174603 /* YTUserInteractionService.swift in Sources */,
				489B18DC2367815200664E21 /* AVPlayerObserver.swift in Sources */,
				48909A2B235B232A00637865 /* VideoPlayerView.swift in Sources */,
				480DBCC522E63042002FA006 /* RootView.swift in Sources */,
				4846F07F22E24A8600174603 /* Thumbnail.swift in Sources */,
				487C3BF322E249E100C68C9A /* SGTLRQuery.swift in Sources */,
				4846F09622E24AC900174603 /* DataController.swift in Sources */,
				487FB9C122F76DA500B3E897 /* Image+GTLRYouTube_ImageSettings.swift in Sources */,
				4846F08122E24A8600174603 /* Subscription.swift in Sources */,
				487C3BF422E249E100C68C9A /* GTLRYouTubeService+shared.swift in Sources */,
				48909A392361E5D600637865 /* Dictionary+init_key.swift in Sources */,
				48578FFF2388AAAB00B108D6 /* Flexible.swift in Sources */,
				4846F08622E24A8600174603 /* MediaFormat.swift in Sources */,
				483AA10F22E84A5D0045ACBF /* SGTLRQueries.swift in Sources */,
				489EF2F023888114000A3DE1 /* ThumbnailListLayout.swift in Sources */,
				4846F0A522E3AF8400174603 /* SignInVC.swift in Sources */,
				4846F09022E24A9900174603 /* Video+GTLRYouTube_Video.swift in Sources */,
				485962BC232D1793008C9727 /* FloatingThumbnailedView.swift in Sources */,
				4846F08522E24A8600174603 /* Channel.swift in Sources */,
				4846F09C22E2502C00174603 /* PersistentService.swift in Sources */,
				48FC6D2722F8D11600FBCD20 /* LoadingStatus.swift in Sources */,
				4846F09322E24A9900174603 /* Subscription+GTLRYouTube_Subscription.swift in Sources */,
				48AD5EDE22F742A5004134E5 /* Base+YTObjectable.swift in Sources */,
				481F687422E247FB0057ADF1 /* SceneDelegate.swift in Sources */,
				487C3BF222E249E100C68C9A /* GTLRServiceExecutionParameters+init.swift in Sources */,
				48D59B0222E88EDC00202940 /* SubscribeButton.swift in Sources */,
				48D59B0422E8912600202940 /* AvatarView.swift in Sources */,
				4846F07022E24A5300174603 /* SecretsStore.swift in Sources */,
				487C3BF522E249E100C68C9A /* GTLRObject+Iterator.swift in Sources */,
				4846F08422E24A8600174603 /* LiveBroadcastInformation.swift in Sources */,
				4846F08322E24A8600174603 /* Playlist.swift in Sources */,
				4846F09122E24A9900174603 /* GTLRObject+YouTubeObject.swift in Sources */,
				48544D1022EAE9FE0047A185 /* BannerView.swift in Sources */,
				487FB9C322F76F7800B3E897 /* Image+Device.swift in Sources */,
				4846F09222E24A9900174603 /* Playlist+GTLRYouTube_Playlist.swift in Sources */,
				48AD5ED422F5CE8C004134E5 /* Base.swift in Sources */,
				4846F09A22E24B1700174603 /* AuthenticationController.swift in Sources */,
				4846F08022E24A8600174603 /* Video.swift in Sources */,
				489DA8B1237744340027461C /* AVPlayerView.swift in Sources */,
				48909A2D235E267A00637865 /* VideoStreamFetcher.swift in Sources */,
				48AD5ED122F5C7E9004134E5 /* Optional+Comparable.swift in Sources */,
				4872786922E7B3CA00C3BE1B /* ChannelView.swift in Sources */,
				489DA8AB2375B02F0027461C /* PlaybackQueueController.swift in Sources */,
				48D59B0022E88EAA00202940 /* ChannelNameView.swift in Sources */,
				48AD5EDC22F7340E004134E5 /* Channel+GTLRYouTube_Channel.swift in Sources */,
				481F687622E247FB0057ADF1 /* ContentView.swift in Sources */,
				4846F08F22E24A9900174603 /* Thumbnail+GTLRYouTube_ThumbnailDetails.swift in Sources */,
				480DBCC922E64C6D002FA006 /* SortDescriptor.swift in Sources */,
				48DEE65722E8E5FE0047EF2F /* Refresh.swift in Sources */,
				487C3BEB22E249D500C68C9A /* Publisher+Extensions.swift in Sources */,
				48909A332361D91E00637865 /* HeteroGeneousCollectionCodable.swift in Sources */,
				487C3BF622E249E100C68C9A /* GTLRService+Publisher.swift in Sources */,
				4872786722E76FA800C3BE1B /* Errors.swift in Sources */,
				48B8EDF222FA22BF002CCA80 /* PlaylistListView.swift in Sources */,
				4846F0A722E3B42B00174603 /* ProfileView.swift in Sources */,
				485962BE232D6570008C9727 /* ThumbnailView.swift in Sources */,
				4872786322E75ECC00C3BE1B /* BasePublisher.swift in Sources */,
				4846F0A122E39AC300174603 /* SignInView.swift in Sources */,
				48DEE65222E8C7790047EF2F /* ValueLoadingContainerView.swift in Sources */,
				48AFAE4623834A54005D6CAE /* PlayerController.swift in Sources */,
				487FB9BF22F76A2A00B3E897 /* Image.swift in Sources */,
			);
			runOnlyForDeploymentPostprocessing = 0;
		};
		48AFAE302381D553005D6CAE /* Sources */ = {
			isa = PBXSourcesBuildPhase;
			buildActionMask = 2147483647;
			files = (
				48AFAE402381D579005D6CAE /* PlaybackControllerTests.swift in Sources */,
				48AFAE372381D553005D6CAE /* MyTubePlayerTests.swift in Sources */,
			);
			runOnlyForDeploymentPostprocessing = 0;
		};
/* End PBXSourcesBuildPhase section */

/* Begin PBXTargetDependency section */
		48AFAE3A2381D553005D6CAE /* PBXTargetDependency */ = {
			isa = PBXTargetDependency;
			target = 481F686D22E247FB0057ADF1 /* MyTubePlayer */;
			targetProxy = 48AFAE392381D553005D6CAE /* PBXContainerItemProxy */;
		};
/* End PBXTargetDependency section */

/* Begin PBXVariantGroup section */
		481F687C22E247FD0057ADF1 /* LaunchScreen.storyboard */ = {
			isa = PBXVariantGroup;
			children = (
				481F687D22E247FD0057ADF1 /* Base */,
			);
			name = LaunchScreen.storyboard;
			sourceTree = "<group>";
		};
/* End PBXVariantGroup section */

/* Begin XCBuildConfiguration section */
		481F688022E247FD0057ADF1 /* Debug */ = {
			isa = XCBuildConfiguration;
			buildSettings = {
				ALWAYS_SEARCH_USER_PATHS = NO;
				CLANG_ANALYZER_NONNULL = YES;
				CLANG_ANALYZER_NUMBER_OBJECT_CONVERSION = YES_AGGRESSIVE;
				CLANG_CXX_LANGUAGE_STANDARD = "gnu++14";
				CLANG_CXX_LIBRARY = "libc++";
				CLANG_ENABLE_MODULES = YES;
				CLANG_ENABLE_OBJC_ARC = YES;
				CLANG_ENABLE_OBJC_WEAK = YES;
				CLANG_WARN_BLOCK_CAPTURE_AUTORELEASING = YES;
				CLANG_WARN_BOOL_CONVERSION = YES;
				CLANG_WARN_COMMA = YES;
				CLANG_WARN_CONSTANT_CONVERSION = YES;
				CLANG_WARN_DEPRECATED_OBJC_IMPLEMENTATIONS = YES;
				CLANG_WARN_DIRECT_OBJC_ISA_USAGE = YES_ERROR;
				CLANG_WARN_DOCUMENTATION_COMMENTS = YES;
				CLANG_WARN_EMPTY_BODY = YES;
				CLANG_WARN_ENUM_CONVERSION = YES;
				CLANG_WARN_INFINITE_RECURSION = YES;
				CLANG_WARN_INT_CONVERSION = YES;
				CLANG_WARN_NON_LITERAL_NULL_CONVERSION = YES;
				CLANG_WARN_OBJC_IMPLICIT_RETAIN_SELF = YES;
				CLANG_WARN_OBJC_LITERAL_CONVERSION = YES;
				CLANG_WARN_OBJC_ROOT_CLASS = YES_ERROR;
				CLANG_WARN_RANGE_LOOP_ANALYSIS = YES;
				CLANG_WARN_STRICT_PROTOTYPES = YES;
				CLANG_WARN_SUSPICIOUS_MOVE = YES;
				CLANG_WARN_UNGUARDED_AVAILABILITY = YES_AGGRESSIVE;
				CLANG_WARN_UNREACHABLE_CODE = YES;
				CLANG_WARN__DUPLICATE_METHOD_MATCH = YES;
				COPY_PHASE_STRIP = NO;
				DEBUG_INFORMATION_FORMAT = dwarf;
				ENABLE_STRICT_OBJC_MSGSEND = YES;
				ENABLE_TESTABILITY = YES;
				GCC_C_LANGUAGE_STANDARD = gnu11;
				GCC_DYNAMIC_NO_PIC = NO;
				GCC_NO_COMMON_BLOCKS = YES;
				GCC_OPTIMIZATION_LEVEL = 0;
				GCC_PREPROCESSOR_DEFINITIONS = (
					"DEBUG=1",
					"$(inherited)",
				);
				GCC_WARN_64_TO_32_BIT_CONVERSION = YES;
				GCC_WARN_ABOUT_RETURN_TYPE = YES_ERROR;
				GCC_WARN_UNDECLARED_SELECTOR = YES;
				GCC_WARN_UNINITIALIZED_AUTOS = YES_AGGRESSIVE;
				GCC_WARN_UNUSED_FUNCTION = YES;
				GCC_WARN_UNUSED_VARIABLE = YES;
				IPHONEOS_DEPLOYMENT_TARGET = 13.0;
				MTL_ENABLE_DEBUG_INFO = INCLUDE_SOURCE;
				MTL_FAST_MATH = YES;
				ONLY_ACTIVE_ARCH = YES;
				SDKROOT = iphoneos;
				SWIFT_ACTIVE_COMPILATION_CONDITIONS = DEBUG;
				SWIFT_OPTIMIZATION_LEVEL = "-Onone";
			};
			name = Debug;
		};
		481F688122E247FD0057ADF1 /* Release */ = {
			isa = XCBuildConfiguration;
			buildSettings = {
				ALWAYS_SEARCH_USER_PATHS = NO;
				CLANG_ANALYZER_NONNULL = YES;
				CLANG_ANALYZER_NUMBER_OBJECT_CONVERSION = YES_AGGRESSIVE;
				CLANG_CXX_LANGUAGE_STANDARD = "gnu++14";
				CLANG_CXX_LIBRARY = "libc++";
				CLANG_ENABLE_MODULES = YES;
				CLANG_ENABLE_OBJC_ARC = YES;
				CLANG_ENABLE_OBJC_WEAK = YES;
				CLANG_WARN_BLOCK_CAPTURE_AUTORELEASING = YES;
				CLANG_WARN_BOOL_CONVERSION = YES;
				CLANG_WARN_COMMA = YES;
				CLANG_WARN_CONSTANT_CONVERSION = YES;
				CLANG_WARN_DEPRECATED_OBJC_IMPLEMENTATIONS = YES;
				CLANG_WARN_DIRECT_OBJC_ISA_USAGE = YES_ERROR;
				CLANG_WARN_DOCUMENTATION_COMMENTS = YES;
				CLANG_WARN_EMPTY_BODY = YES;
				CLANG_WARN_ENUM_CONVERSION = YES;
				CLANG_WARN_INFINITE_RECURSION = YES;
				CLANG_WARN_INT_CONVERSION = YES;
				CLANG_WARN_NON_LITERAL_NULL_CONVERSION = YES;
				CLANG_WARN_OBJC_IMPLICIT_RETAIN_SELF = YES;
				CLANG_WARN_OBJC_LITERAL_CONVERSION = YES;
				CLANG_WARN_OBJC_ROOT_CLASS = YES_ERROR;
				CLANG_WARN_RANGE_LOOP_ANALYSIS = YES;
				CLANG_WARN_STRICT_PROTOTYPES = YES;
				CLANG_WARN_SUSPICIOUS_MOVE = YES;
				CLANG_WARN_UNGUARDED_AVAILABILITY = YES_AGGRESSIVE;
				CLANG_WARN_UNREACHABLE_CODE = YES;
				CLANG_WARN__DUPLICATE_METHOD_MATCH = YES;
				COPY_PHASE_STRIP = NO;
				DEBUG_INFORMATION_FORMAT = "dwarf-with-dsym";
				ENABLE_NS_ASSERTIONS = NO;
				ENABLE_STRICT_OBJC_MSGSEND = YES;
				GCC_C_LANGUAGE_STANDARD = gnu11;
				GCC_NO_COMMON_BLOCKS = YES;
				GCC_WARN_64_TO_32_BIT_CONVERSION = YES;
				GCC_WARN_ABOUT_RETURN_TYPE = YES_ERROR;
				GCC_WARN_UNDECLARED_SELECTOR = YES;
				GCC_WARN_UNINITIALIZED_AUTOS = YES_AGGRESSIVE;
				GCC_WARN_UNUSED_FUNCTION = YES;
				GCC_WARN_UNUSED_VARIABLE = YES;
				IPHONEOS_DEPLOYMENT_TARGET = 13.0;
				MTL_ENABLE_DEBUG_INFO = NO;
				MTL_FAST_MATH = YES;
				SDKROOT = iphoneos;
				SWIFT_COMPILATION_MODE = wholemodule;
				SWIFT_OPTIMIZATION_LEVEL = "-O";
				VALIDATE_PRODUCT = YES;
			};
			name = Release;
		};
		481F688322E247FD0057ADF1 /* Debug */ = {
			isa = XCBuildConfiguration;
			baseConfigurationReference = 9435985A90CD9F89004DFA7C /* Pods-MyTubePlayer.debug.xcconfig */;
			buildSettings = {
				ASSETCATALOG_COMPILER_APPICON_NAME = AppIcon;
				CODE_SIGN_STYLE = Automatic;
				DEVELOPMENT_ASSET_PATHS = "MyTubePlayer/Preview\\ Content";
				DEVELOPMENT_TEAM = 34S7DCU8S9;
				ENABLE_PREVIEWS = YES;
				INFOPLIST_FILE = MyTubePlayer/Info.plist;
				LD_RUNPATH_SEARCH_PATHS = (
					"$(inherited)",
					"@executable_path/Frameworks",
				);
				PRODUCT_BUNDLE_IDENTIFIER = nl.stegman.MyTubePlayer;
				PRODUCT_NAME = "$(TARGET_NAME)";
				SWIFT_VERSION = 5.0;
				TARGETED_DEVICE_FAMILY = "1,2";
			};
			name = Debug;
		};
		481F688422E247FD0057ADF1 /* Release */ = {
			isa = XCBuildConfiguration;
			baseConfigurationReference = 56A6A866D1D2175E5E232447 /* Pods-MyTubePlayer.release.xcconfig */;
			buildSettings = {
				ASSETCATALOG_COMPILER_APPICON_NAME = AppIcon;
				CODE_SIGN_STYLE = Automatic;
				DEVELOPMENT_ASSET_PATHS = "MyTubePlayer/Preview\\ Content";
				DEVELOPMENT_TEAM = 34S7DCU8S9;
				ENABLE_PREVIEWS = YES;
				INFOPLIST_FILE = MyTubePlayer/Info.plist;
				LD_RUNPATH_SEARCH_PATHS = (
					"$(inherited)",
					"@executable_path/Frameworks",
				);
				PRODUCT_BUNDLE_IDENTIFIER = nl.stegman.MyTubePlayer;
				PRODUCT_NAME = "$(TARGET_NAME)";
				SWIFT_VERSION = 5.0;
				TARGETED_DEVICE_FAMILY = "1,2";
			};
			name = Release;
		};
		48AFAE3B2381D553005D6CAE /* Debug */ = {
			isa = XCBuildConfiguration;
			buildSettings = {
				BUNDLE_LOADER = "$(TEST_HOST)";
				CODE_SIGN_STYLE = Automatic;
				DEVELOPMENT_TEAM = 34S7DCU8S9;
				INFOPLIST_FILE = MyTubePlayerTests/Info.plist;
				IPHONEOS_DEPLOYMENT_TARGET = 13.2;
				LD_RUNPATH_SEARCH_PATHS = (
					"$(inherited)",
					"@executable_path/Frameworks",
					"@loader_path/Frameworks",
				);
				PRODUCT_BUNDLE_IDENTIFIER = nl.stegman.MyTubePlayerTests;
				PRODUCT_NAME = "$(TARGET_NAME)";
				SWIFT_VERSION = 5.0;
				TARGETED_DEVICE_FAMILY = "1,2";
				TEST_HOST = "$(BUILT_PRODUCTS_DIR)/MyTubePlayer.app/MyTubePlayer";
			};
			name = Debug;
		};
		48AFAE3C2381D553005D6CAE /* Release */ = {
			isa = XCBuildConfiguration;
			buildSettings = {
				BUNDLE_LOADER = "$(TEST_HOST)";
				CODE_SIGN_STYLE = Automatic;
				DEVELOPMENT_TEAM = 34S7DCU8S9;
				INFOPLIST_FILE = MyTubePlayerTests/Info.plist;
				IPHONEOS_DEPLOYMENT_TARGET = 13.2;
				LD_RUNPATH_SEARCH_PATHS = (
					"$(inherited)",
					"@executable_path/Frameworks",
					"@loader_path/Frameworks",
				);
				PRODUCT_BUNDLE_IDENTIFIER = nl.stegman.MyTubePlayerTests;
				PRODUCT_NAME = "$(TARGET_NAME)";
				SWIFT_VERSION = 5.0;
				TARGETED_DEVICE_FAMILY = "1,2";
				TEST_HOST = "$(BUILT_PRODUCTS_DIR)/MyTubePlayer.app/MyTubePlayer";
			};
			name = Release;
		};
/* End XCBuildConfiguration section */

/* Begin XCConfigurationList section */
		481F686922E247FB0057ADF1 /* Build configuration list for PBXProject "MyTubePlayer" */ = {
			isa = XCConfigurationList;
			buildConfigurations = (
				481F688022E247FD0057ADF1 /* Debug */,
				481F688122E247FD0057ADF1 /* Release */,
			);
			defaultConfigurationIsVisible = 0;
			defaultConfigurationName = Release;
		};
		481F688222E247FD0057ADF1 /* Build configuration list for PBXNativeTarget "MyTubePlayer" */ = {
			isa = XCConfigurationList;
			buildConfigurations = (
				481F688322E247FD0057ADF1 /* Debug */,
				481F688422E247FD0057ADF1 /* Release */,
			);
			defaultConfigurationIsVisible = 0;
			defaultConfigurationName = Release;
		};
		48AFAE3D2381D553005D6CAE /* Build configuration list for PBXNativeTarget "MyTubePlayerTests" */ = {
			isa = XCConfigurationList;
			buildConfigurations = (
				48AFAE3B2381D553005D6CAE /* Debug */,
				48AFAE3C2381D553005D6CAE /* Release */,
			);
			defaultConfigurationIsVisible = 0;
			defaultConfigurationName = Release;
		};
/* End XCConfigurationList section */
	};
	rootObject = 481F686622E247FB0057ADF1 /* Project object */;
}
